
Microsoft Visual Studio Solution File, Format Version 12.00
# Visual Studio Version 17
VisualStudioVersion = 17.6.33829.357
MinimumVisualStudioVersion = 10.0.40219.1
Project("{9A19103F-16F7-4668-BE54-9A1E7A4F7556}") = "BloodBankManager.API", "BloodBankManager.API\BloodBankManager.API.csproj", "{3A2B1BDC-0FC2-4CBA-A744-993E7AE8AB68}"
EndProject
Project("{FAE04EC0-301F-11D3-BF4B-00C04F79EFBC}") = "BloodBankManager.Application", "BloodBankManager.Application\BloodBankManager.Application.csproj", "{F87058BA-666D-4792-861D-FB24D29D651F}"
EndProject
Project("{FAE04EC0-301F-11D3-BF4B-00C04F79EFBC}") = "BloodBankManager.Core", "BloodBankManager.Core\BloodBankManager.Core.csproj", "{C694CDA8-67FD-4400-9D83-25A87866EA73}"
EndProject
Project("{FAE04EC0-301F-11D3-BF4B-00C04F79EFBC}") = "BloodBankManager.Infrastructure", "BloodBankManager.Infrastructure\BloodBankManager.Infrastructure.csproj", "{9394F37A-11F6-4270-89DB-C61E58941712}"
EndProject
Global
	GlobalSection(SolutionConfigurationPlatforms) = preSolution
		Debug|Any CPU = Debug|Any CPU
		Release|Any CPU = Release|Any CPU
	EndGlobalSection
	GlobalSection(ProjectConfigurationPlatforms) = postSolution
		{3A2B1BDC-0FC2-4CBA-A744-993E7AE8AB68}.Debug|Any CPU.ActiveCfg = Debug|Any CPU
		{3A2B1BDC-0FC2-4CBA-A744-993E7AE8AB68}.Debug|Any CPU.Build.0 = Debug|Any CPU
		{3A2B1BDC-0FC2-4CBA-A744-993E7AE8AB68}.Release|Any CPU.ActiveCfg = Release|Any CPU
		{3A2B1BDC-0FC2-4CBA-A744-993E7AE8AB68}.Release|Any CPU.Build.0 = Release|Any CPU
		{F87058BA-666D-4792-861D-FB24D29D651F}.Debug|Any CPU.ActiveCfg = Debug|Any CPU
		{F87058BA-666D-4792-861D-FB24D29D651F}.Debug|Any CPU.Build.0 = Debug|Any CPU
		{F87058BA-666D-4792-861D-FB24D29D651F}.Release|Any CPU.ActiveCfg = Release|Any CPU
		{F87058BA-666D-4792-861D-FB24D29D651F}.Release|Any CPU.Build.0 = Release|Any CPU
		{C694CDA8-67FD-4400-9D83-25A87866EA73}.Debug|Any CPU.ActiveCfg = Debug|Any CPU
		{C694CDA8-67FD-4400-9D83-25A87866EA73}.Debug|Any CPU.Build.0 = Debug|Any CPU
		{C694CDA8-67FD-4400-9D83-25A87866EA73}.Release|Any CPU.ActiveCfg = Release|Any CPU
		{C694CDA8-67FD-4400-9D83-25A87866EA73}.Release|Any CPU.Build.0 = Release|Any CPU
		{9394F37A-11F6-4270-89DB-C61E58941712}.Debug|Any CPU.ActiveCfg = Debug|Any CPU
		{9394F37A-11F6-4270-89DB-C61E58941712}.Debug|Any CPU.Build.0 = Debug|Any CPU
		{9394F37A-11F6-4270-89DB-C61E58941712}.Release|Any CPU.ActiveCfg = Release|Any CPU
		{9394F37A-11F6-4270-89DB-C61E58941712}.Release|Any CPU.Build.0 = Release|Any CPU
	EndGlobalSection
	GlobalSection(SolutionProperties) = preSolution
		HideSolutionNode = FALSE
	EndGlobalSection
	GlobalSection(ExtensibilityGlobals) = postSolution
		SolutionGuid = {97652D69-5100-4274-8F3B-2220D35C3710}
	EndGlobalSection
EndGlobal
